
Microsoft Visual Studio Solution File, Format Version 12.00
# Visual Studio Version 17
VisualStudioVersion = 17.1.32414.318
MinimumVisualStudioVersion = 10.0.40219.1
Project("{8BC9CEB8-8B4A-11D0-8D11-00A0C91BC942}") = "PDF Searcher", "PDF Searcher\PDF Searcher.vcxproj", "{65A817AB-A6F0-466B-A2D5-8E510C578B23}"
EndProject
Global
	GlobalSection(SolutionConfigurationPlatforms) = preSolution
		Debug|x64 = Debug|x64
		Debug|x86 = Debug|x86
		Release|x64 = Release|x64
		Release|x86 = Release|x86
	EndGlobalSection
	GlobalSection(ProjectConfigurationPlatforms) = postSolution
		{65A817AB-A6F0-466B-A2D5-8E510C578B23}.Debug|x64.ActiveCfg = Debug|x64
		{65A817AB-A6F0-466B-A2D5-8E510C578B23}.Debug|x64.Build.0 = Debug|x64
		{65A817AB-A6F0-466B-A2D5-8E510C578B23}.Debug|x86.ActiveCfg = Debug|Win32
		{65A817AB-A6F0-466B-A2D5-8E510C578B23}.Debug|x86.Build.0 = Debug|Win32
		{65A817AB-A6F0-466B-A2D5-8E510C578B23}.Release|x64.ActiveCfg = Release|x64
		{65A817AB-A6F0-466B-A2D5-8E510C578B23}.Release|x64.Build.0 = Release|x64
		{65A817AB-A6F0-466B-A2D5-8E510C578B23}.Release|x86.ActiveCfg = Release|Win32
		{65A817AB-A6F0-466B-A2D5-8E510C578B23}.Release|x86.Build.0 = Release|Win32
	EndGlobalSection
	GlobalSection(SolutionProperties) = preSolution
		HideSolutionNode = FALSE
	EndGlobalSection
	GlobalSection(ExtensibilityGlobals) = postSolution
		SolutionGuid = {A3F8EF43-2CEF-4A63-A856-71D4741BED7F}
	EndGlobalSection
EndGlobal
